// !$*UTF8*$!
{
	archiveVersion = 1;
	classes = {
	};
	objectVersion = 48;
	objects = {

/* Begin PBXBuildFile section */
		C76558FA2049EA7F003D103C /* main.swift in Sources */ = {isa = PBXBuildFile; fileRef = C76558F92049EA7F003D103C /* main.swift */; };
		C76559122049EB89003D103C /* main.swift in Sources */ = {isa = PBXBuildFile; fileRef = C76559112049EB89003D103C /* main.swift */; };
		C765591D2049F410003D103C /* main.swift in Sources */ = {isa = PBXBuildFile; fileRef = C765591C2049F410003D103C /* main.swift */; };
		C7E946FE208F20A000101985 /* main.swift in Sources */ = {isa = PBXBuildFile; fileRef = C7E946FD208F20A000101985 /* main.swift */; };
		C7E94709208F35F300101985 /* main.swift in Sources */ = {isa = PBXBuildFile; fileRef = C7E94708208F35F300101985 /* main.swift */; };
		C7E9471F208F430700101985 /* main.swift in Sources */ = {isa = PBXBuildFile; fileRef = C7E9471E208F430700101985 /* main.swift */; };
		C7E9472A208F47E800101985 /* main.swift in Sources */ = {isa = PBXBuildFile; fileRef = C7E94729208F47E800101985 /* main.swift */; };
		C7E94735208F4A4700101985 /* main.swift in Sources */ = {isa = PBXBuildFile; fileRef = C7E94734208F4A4700101985 /* main.swift */; };
/* End PBXBuildFile section */

/* Begin PBXCopyFilesBuildPhase section */
		C76558F42049EA7F003D103C /* CopyFiles */ = {
			isa = PBXCopyFilesBuildPhase;
			buildActionMask = 2147483647;
			dstPath = /usr/share/man/man1/;
			dstSubfolderSpec = 0;
			files = (
			);
			runOnlyForDeploymentPostprocessing = 1;
		};
		C76559022049EA9D003D103C /* CopyFiles */ = {
			isa = PBXCopyFilesBuildPhase;
			buildActionMask = 2147483647;
			dstPath = /usr/share/man/man1/;
			dstSubfolderSpec = 0;
			files = (
			);
			runOnlyForDeploymentPostprocessing = 1;
		};
		C765590D2049EB89003D103C /* CopyFiles */ = {
			isa = PBXCopyFilesBuildPhase;
			buildActionMask = 2147483647;
			dstPath = /usr/share/man/man1/;
			dstSubfolderSpec = 0;
			files = (
			);
			runOnlyForDeploymentPostprocessing = 1;
		};
		C76559182049F40F003D103C /* CopyFiles */ = {
			isa = PBXCopyFilesBuildPhase;
			buildActionMask = 2147483647;
			dstPath = /usr/share/man/man1/;
			dstSubfolderSpec = 0;
			files = (
			);
			runOnlyForDeploymentPostprocessing = 1;
		};
		C7E946F9208F20A000101985 /* CopyFiles */ = {
			isa = PBXCopyFilesBuildPhase;
			buildActionMask = 2147483647;
			dstPath = /usr/share/man/man1/;
			dstSubfolderSpec = 0;
			files = (
			);
			runOnlyForDeploymentPostprocessing = 1;
		};
		C7E94704208F35F200101985 /* CopyFiles */ = {
			isa = PBXCopyFilesBuildPhase;
			buildActionMask = 2147483647;
			dstPath = /usr/share/man/man1/;
			dstSubfolderSpec = 0;
			files = (
			);
			runOnlyForDeploymentPostprocessing = 1;
		};
		C7E9471A208F430700101985 /* CopyFiles */ = {
			isa = PBXCopyFilesBuildPhase;
			buildActionMask = 2147483647;
			dstPath = /usr/share/man/man1/;
			dstSubfolderSpec = 0;
			files = (
			);
			runOnlyForDeploymentPostprocessing = 1;
		};
		C7E94725208F47E800101985 /* CopyFiles */ = {
			isa = PBXCopyFilesBuildPhase;
			buildActionMask = 2147483647;
			dstPath = /usr/share/man/man1/;
			dstSubfolderSpec = 0;
			files = (
			);
			runOnlyForDeploymentPostprocessing = 1;
		};
		C7E94730208F4A4700101985 /* CopyFiles */ = {
			isa = PBXCopyFilesBuildPhase;
			buildActionMask = 2147483647;
			dstPath = /usr/share/man/man1/;
			dstSubfolderSpec = 0;
			files = (
			);
			runOnlyForDeploymentPostprocessing = 1;
		};
/* End PBXCopyFilesBuildPhase section */

/* Begin PBXFileReference section */
		C76558F62049EA7F003D103C /* SwiftBaseLearning */ = {isa = PBXFileReference; explicitFileType = "compiled.mach-o.executable"; includeInIndex = 0; path = SwiftBaseLearning; sourceTree = BUILT_PRODUCTS_DIR; };
		C76558F92049EA7F003D103C /* main.swift */ = {isa = PBXFileReference; lastKnownFileType = sourcecode.swift; path = main.swift; sourceTree = "<group>"; };
		C76559042049EA9D003D103C /* L1-Var&constant */ = {isa = PBXFileReference; explicitFileType = "compiled.mach-o.executable"; includeInIndex = 0; path = "L1-Var&constant"; sourceTree = BUILT_PRODUCTS_DIR; };
		C765590F2049EB89003D103C /* L2-DataType */ = {isa = PBXFileReference; explicitFileType = "compiled.mach-o.executable"; includeInIndex = 0; path = "L2-DataType"; sourceTree = BUILT_PRODUCTS_DIR; };
		C76559112049EB89003D103C /* main.swift */ = {isa = PBXFileReference; lastKnownFileType = sourcecode.swift; path = main.swift; sourceTree = "<group>"; };
		C765591A2049F40F003D103C /* L3-Operators */ = {isa = PBXFileReference; explicitFileType = "compiled.mach-o.executable"; includeInIndex = 0; path = "L3-Operators"; sourceTree = BUILT_PRODUCTS_DIR; };
		C765591C2049F410003D103C /* main.swift */ = {isa = PBXFileReference; lastKnownFileType = sourcecode.swift; path = main.swift; sourceTree = "<group>"; };
		C7E946FB208F20A000101985 /* L4-StringOperation */ = {isa = PBXFileReference; explicitFileType = "compiled.mach-o.executable"; includeInIndex = 0; path = "L4-StringOperation"; sourceTree = BUILT_PRODUCTS_DIR; };
		C7E946FD208F20A000101985 /* main.swift */ = {isa = PBXFileReference; lastKnownFileType = sourcecode.swift; path = main.swift; sourceTree = "<group>"; };
		C7E94706208F35F200101985 /* L5-LogicBranch */ = {isa = PBXFileReference; explicitFileType = "compiled.mach-o.executable"; includeInIndex = 0; path = "L5-LogicBranch"; sourceTree = BUILT_PRODUCTS_DIR; };
		C7E94708208F35F300101985 /* main.swift */ = {isa = PBXFileReference; lastKnownFileType = sourcecode.swift; path = main.swift; sourceTree = "<group>"; };
		C7E9471C208F430700101985 /* L6-Array */ = {isa = PBXFileReference; explicitFileType = "compiled.mach-o.executable"; includeInIndex = 0; path = "L6-Array"; sourceTree = BUILT_PRODUCTS_DIR; };
		C7E9471E208F430700101985 /* main.swift */ = {isa = PBXFileReference; lastKnownFileType = sourcecode.swift; path = main.swift; sourceTree = "<group>"; };
		C7E94727208F47E800101985 /* L7-Dictionary */ = {isa = PBXFileReference; explicitFileType = "compiled.mach-o.executable"; includeInIndex = 0; path = "L7-Dictionary"; sourceTree = BUILT_PRODUCTS_DIR; };
		C7E94729208F47E800101985 /* main.swift */ = {isa = PBXFileReference; lastKnownFileType = sourcecode.swift; path = main.swift; sourceTree = "<group>"; };
		C7E94732208F4A4700101985 /* L8-Tuple */ = {isa = PBXFileReference; explicitFileType = "compiled.mach-o.executable"; includeInIndex = 0; path = "L8-Tuple"; sourceTree = BUILT_PRODUCTS_DIR; };
		C7E94734208F4A4700101985 /* main.swift */ = {isa = PBXFileReference; lastKnownFileType = sourcecode.swift; path = main.swift; sourceTree = "<group>"; };
/* End PBXFileReference section */

/* Begin PBXFrameworksBuildPhase section */
		C76558F32049EA7F003D103C /* Frameworks */ = {
			isa = PBXFrameworksBuildPhase;
			buildActionMask = 2147483647;
			files = (
			);
			runOnlyForDeploymentPostprocessing = 0;
		};
		C76559012049EA9D003D103C /* Frameworks */ = {
			isa = PBXFrameworksBuildPhase;
			buildActionMask = 2147483647;
			files = (
			);
			runOnlyForDeploymentPostprocessing = 0;
		};
		C765590C2049EB89003D103C /* Frameworks */ = {
			isa = PBXFrameworksBuildPhase;
			buildActionMask = 2147483647;
			files = (
			);
			runOnlyForDeploymentPostprocessing = 0;
		};
		C76559172049F40F003D103C /* Frameworks */ = {
			isa = PBXFrameworksBuildPhase;
			buildActionMask = 2147483647;
			files = (
			);
			runOnlyForDeploymentPostprocessing = 0;
		};
		C7E946F8208F20A000101985 /* Frameworks */ = {
			isa = PBXFrameworksBuildPhase;
			buildActionMask = 2147483647;
			files = (
			);
			runOnlyForDeploymentPostprocessing = 0;
		};
		C7E94703208F35F200101985 /* Frameworks */ = {
			isa = PBXFrameworksBuildPhase;
			buildActionMask = 2147483647;
			files = (
			);
			runOnlyForDeploymentPostprocessing = 0;
		};
		C7E94719208F430700101985 /* Frameworks */ = {
			isa = PBXFrameworksBuildPhase;
			buildActionMask = 2147483647;
			files = (
			);
			runOnlyForDeploymentPostprocessing = 0;
		};
		C7E94724208F47E800101985 /* Frameworks */ = {
			isa = PBXFrameworksBuildPhase;
			buildActionMask = 2147483647;
			files = (
			);
			runOnlyForDeploymentPostprocessing = 0;
		};
		C7E9472F208F4A4700101985 /* Frameworks */ = {
			isa = PBXFrameworksBuildPhase;
			buildActionMask = 2147483647;
			files = (
			);
			runOnlyForDeploymentPostprocessing = 0;
		};
/* End PBXFrameworksBuildPhase section */

/* Begin PBXGroup section */
		C76558ED2049EA7F003D103C = {
			isa = PBXGroup;
			children = (
				C76558F82049EA7F003D103C /* SwiftBaseLearning */,
				C76559102049EB89003D103C /* L2-DataType */,
				C765591B2049F40F003D103C /* L3-Operators */,
				C7E946FC208F20A000101985 /* L4-StringOperation */,
				C7E94707208F35F300101985 /* L5-LogicBranch */,
				C7E9471D208F430700101985 /* L6-Array */,
				C7E94728208F47E800101985 /* L7-Dictionary */,
				C7E94733208F4A4700101985 /* L8-Tuple */,
				C76558F72049EA7F003D103C /* Products */,
			);
			sourceTree = "<group>";
		};
		C76558F72049EA7F003D103C /* Products */ = {
			isa = PBXGroup;
			children = (
				C76558F62049EA7F003D103C /* SwiftBaseLearning */,
				C76559042049EA9D003D103C /* L1-Var&constant */,
				C765590F2049EB89003D103C /* L2-DataType */,
				C765591A2049F40F003D103C /* L3-Operators */,
				C7E946FB208F20A000101985 /* L4-StringOperation */,
				C7E94706208F35F200101985 /* L5-LogicBranch */,
				C7E9471C208F430700101985 /* L6-Array */,
				C7E94727208F47E800101985 /* L7-Dictionary */,
				C7E94732208F4A4700101985 /* L8-Tuple */,
			);
			name = Products;
			sourceTree = "<group>";
		};
		C76558F82049EA7F003D103C /* SwiftBaseLearning */ = {
			isa = PBXGroup;
			children = (
				C76558F92049EA7F003D103C /* main.swift */,
			);
			path = SwiftBaseLearning;
			sourceTree = "<group>";
		};
		C76559102049EB89003D103C /* L2-DataType */ = {
			isa = PBXGroup;
			children = (
				C76559112049EB89003D103C /* main.swift */,
			);
			path = "L2-DataType";
			sourceTree = "<group>";
		};
		C765591B2049F40F003D103C /* L3-Operators */ = {
			isa = PBXGroup;
			children = (
				C765591C2049F410003D103C /* main.swift */,
			);
			path = "L3-Operators";
			sourceTree = "<group>";
		};
		C7E946FC208F20A000101985 /* L4-StringOperation */ = {
			isa = PBXGroup;
			children = (
				C7E946FD208F20A000101985 /* main.swift */,
			);
			path = "L4-StringOperation";
			sourceTree = "<group>";
		};
		C7E94707208F35F300101985 /* L5-LogicBranch */ = {
			isa = PBXGroup;
			children = (
				C7E94708208F35F300101985 /* main.swift */,
			);
			path = "L5-LogicBranch";
			sourceTree = "<group>";
		};
		C7E9471D208F430700101985 /* L6-Array */ = {
			isa = PBXGroup;
			children = (
				C7E9471E208F430700101985 /* main.swift */,
			);
			path = "L6-Array";
			sourceTree = "<group>";
		};
		C7E94728208F47E800101985 /* L7-Dictionary */ = {
			isa = PBXGroup;
			children = (
				C7E94729208F47E800101985 /* main.swift */,
			);
			path = "L7-Dictionary";
			sourceTree = "<group>";
		};
		C7E94733208F4A4700101985 /* L8-Tuple */ = {
			isa = PBXGroup;
			children = (
				C7E94734208F4A4700101985 /* main.swift */,
			);
			path = "L8-Tuple";
			sourceTree = "<group>";
		};
/* End PBXGroup section */

/* Begin PBXNativeTarget section */
		C76558F52049EA7F003D103C /* SwiftBaseLearning */ = {
			isa = PBXNativeTarget;
			buildConfigurationList = C76558FD2049EA7F003D103C /* Build configuration list for PBXNativeTarget "SwiftBaseLearning" */;
			buildPhases = (
				C76558F22049EA7F003D103C /* Sources */,
				C76558F32049EA7F003D103C /* Frameworks */,
				C76558F42049EA7F003D103C /* CopyFiles */,
			);
			buildRules = (
			);
			dependencies = (
			);
			name = SwiftBaseLearning;
			productName = SwiftBaseLearning;
			productReference = C76558F62049EA7F003D103C /* SwiftBaseLearning */;
			productType = "com.apple.product-type.tool";
		};
		C76559032049EA9D003D103C /* L1-Var&constant */ = {
			isa = PBXNativeTarget;
			buildConfigurationList = C76559082049EA9D003D103C /* Build configuration list for PBXNativeTarget "L1-Var&constant" */;
			buildPhases = (
				C76559002049EA9D003D103C /* Sources */,
				C76559012049EA9D003D103C /* Frameworks */,
				C76559022049EA9D003D103C /* CopyFiles */,
			);
			buildRules = (
			);
			dependencies = (
			);
			name = "L1-Var&constant";
			productName = "L1-Var&constant";
			productReference = C76559042049EA9D003D103C /* L1-Var&constant */;
			productType = "com.apple.product-type.tool";
		};
		C765590E2049EB89003D103C /* L2-DataType */ = {
			isa = PBXNativeTarget;
			buildConfigurationList = C76559132049EB89003D103C /* Build configuration list for PBXNativeTarget "L2-DataType" */;
			buildPhases = (
				C765590B2049EB89003D103C /* Sources */,
				C765590C2049EB89003D103C /* Frameworks */,
				C765590D2049EB89003D103C /* CopyFiles */,
			);
			buildRules = (
			);
			dependencies = (
			);
			name = "L2-DataType";
			productName = "L2-DataType";
			productReference = C765590F2049EB89003D103C /* L2-DataType */;
			productType = "com.apple.product-type.tool";
		};
		C76559192049F40F003D103C /* L3-Operators */ = {
			isa = PBXNativeTarget;
			buildConfigurationList = C765591E2049F410003D103C /* Build configuration list for PBXNativeTarget "L3-Operators" */;
			buildPhases = (
				C76559162049F40F003D103C /* Sources */,
				C76559172049F40F003D103C /* Frameworks */,
				C76559182049F40F003D103C /* CopyFiles */,
			);
			buildRules = (
			);
			dependencies = (
			);
			name = "L3-Operators";
			productName = "L3-Operators";
			productReference = C765591A2049F40F003D103C /* L3-Operators */;
			productType = "com.apple.product-type.tool";
		};
		C7E946FA208F20A000101985 /* L4-StringOperation */ = {
			isa = PBXNativeTarget;
			buildConfigurationList = C7E946FF208F20A000101985 /* Build configuration list for PBXNativeTarget "L4-StringOperation" */;
			buildPhases = (
				C7E946F7208F20A000101985 /* Sources */,
				C7E946F8208F20A000101985 /* Frameworks */,
				C7E946F9208F20A000101985 /* CopyFiles */,
			);
			buildRules = (
			);
			dependencies = (
			);
			name = "L4-StringOperation";
			productName = "L4-StringOperation";
			productReference = C7E946FB208F20A000101985 /* L4-StringOperation */;
			productType = "com.apple.product-type.tool";
		};
		C7E94705208F35F200101985 /* L5-LogicBranch */ = {
			isa = PBXNativeTarget;
			buildConfigurationList = C7E9470A208F35F300101985 /* Build configuration list for PBXNativeTarget "L5-LogicBranch" */;
			buildPhases = (
				C7E94702208F35F200101985 /* Sources */,
				C7E94703208F35F200101985 /* Frameworks */,
				C7E94704208F35F200101985 /* CopyFiles */,
			);
			buildRules = (
			);
			dependencies = (
			);
			name = "L5-LogicBranch";
			productName = "L5-LogicBranch";
			productReference = C7E94706208F35F200101985 /* L5-LogicBranch */;
			productType = "com.apple.product-type.tool";
		};
		C7E9471B208F430700101985 /* L6-Array */ = {
			isa = PBXNativeTarget;
			buildConfigurationList = C7E94722208F430700101985 /* Build configuration list for PBXNativeTarget "L6-Array" */;
			buildPhases = (
				C7E94718208F430700101985 /* Sources */,
				C7E94719208F430700101985 /* Frameworks */,
				C7E9471A208F430700101985 /* CopyFiles */,
			);
			buildRules = (
			);
			dependencies = (
			);
			name = "L6-Array";
			productName = "L6-Array";
			productReference = C7E9471C208F430700101985 /* L6-Array */;
			productType = "com.apple.product-type.tool";
		};
		C7E94726208F47E800101985 /* L7-Dictionary */ = {
			isa = PBXNativeTarget;
			buildConfigurationList = C7E9472B208F47E800101985 /* Build configuration list for PBXNativeTarget "L7-Dictionary" */;
			buildPhases = (
				C7E94723208F47E800101985 /* Sources */,
				C7E94724208F47E800101985 /* Frameworks */,
				C7E94725208F47E800101985 /* CopyFiles */,
			);
			buildRules = (
			);
			dependencies = (
			);
			name = "L7-Dictionary";
			productName = "L7-Dictionary";
			productReference = C7E94727208F47E800101985 /* L7-Dictionary */;
			productType = "com.apple.product-type.tool";
		};
		C7E94731208F4A4700101985 /* L8-Tuple */ = {
			isa = PBXNativeTarget;
			buildConfigurationList = C7E94736208F4A4700101985 /* Build configuration list for PBXNativeTarget "L8-Tuple" */;
			buildPhases = (
				C7E9472E208F4A4700101985 /* Sources */,
				C7E9472F208F4A4700101985 /* Frameworks */,
				C7E94730208F4A4700101985 /* CopyFiles */,
			);
			buildRules = (
			);
			dependencies = (
			);
			name = "L8-Tuple";
			productName = "L8-Tuple";
			productReference = C7E94732208F4A4700101985 /* L8-Tuple */;
			productType = "com.apple.product-type.tool";
		};
/* End PBXNativeTarget section */

/* Begin PBXProject section */
		C76558EE2049EA7F003D103C /* Project object */ = {
			isa = PBXProject;
			attributes = {
				LastSwiftUpdateCheck = 0930;
				LastUpgradeCheck = 0920;
				ORGANIZATIONNAME = Dobby;
				TargetAttributes = {
					C76558F52049EA7F003D103C = {
						CreatedOnToolsVersion = 9.2;
						ProvisioningStyle = Automatic;
					};
					C76559032049EA9D003D103C = {
						CreatedOnToolsVersion = 9.2;
						ProvisioningStyle = Automatic;
					};
					C765590E2049EB89003D103C = {
						CreatedOnToolsVersion = 9.2;
						ProvisioningStyle = Automatic;
					};
					C76559192049F40F003D103C = {
						CreatedOnToolsVersion = 9.2;
						ProvisioningStyle = Automatic;
					};
					C7E946FA208F20A000101985 = {
						CreatedOnToolsVersion = 9.3;
						ProvisioningStyle = Automatic;
					};
					C7E94705208F35F200101985 = {
						CreatedOnToolsVersion = 9.3;
						ProvisioningStyle = Automatic;
					};
					C7E9471B208F430700101985 = {
						CreatedOnToolsVersion = 9.3;
						ProvisioningStyle = Automatic;
					};
					C7E94726208F47E800101985 = {
						CreatedOnToolsVersion = 9.3;
						ProvisioningStyle = Automatic;
					};
					C7E94731208F4A4700101985 = {
						CreatedOnToolsVersion = 9.3;
						ProvisioningStyle = Automatic;
					};
				};
			};
			buildConfigurationList = C76558F12049EA7F003D103C /* Build configuration list for PBXProject "SwiftBaseLearning" */;
			compatibilityVersion = "Xcode 8.0";
			developmentRegion = en;
			hasScannedForEncodings = 0;
			knownRegions = (
				en,
			);
			mainGroup = C76558ED2049EA7F003D103C;
			productRefGroup = C76558F72049EA7F003D103C /* Products */;
			projectDirPath = "";
			projectRoot = "";
			targets = (
				C76558F52049EA7F003D103C /* SwiftBaseLearning */,
				C76559032049EA9D003D103C /* L1-Var&constant */,
				C765590E2049EB89003D103C /* L2-DataType */,
				C76559192049F40F003D103C /* L3-Operators */,
				C7E946FA208F20A000101985 /* L4-StringOperation */,
				C7E94705208F35F200101985 /* L5-LogicBranch */,
				C7E9471B208F430700101985 /* L6-Array */,
				C7E94726208F47E800101985 /* L7-Dictionary */,
				C7E94731208F4A4700101985 /* L8-Tuple */,
			);
		};
/* End PBXProject section */

/* Begin PBXSourcesBuildPhase section */
		C76558F22049EA7F003D103C /* Sources */ = {
			isa = PBXSourcesBuildPhase;
			buildActionMask = 2147483647;
			files = (
				C76558FA2049EA7F003D103C /* main.swift in Sources */,
			);
			runOnlyForDeploymentPostprocessing = 0;
		};
		C76559002049EA9D003D103C /* Sources */ = {
			isa = PBXSourcesBuildPhase;
			buildActionMask = 2147483647;
			files = (
			);
			runOnlyForDeploymentPostprocessing = 0;
		};
		C765590B2049EB89003D103C /* Sources */ = {
			isa = PBXSourcesBuildPhase;
			buildActionMask = 2147483647;
			files = (
				C76559122049EB89003D103C /* main.swift in Sources */,
			);
			runOnlyForDeploymentPostprocessing = 0;
		};
		C76559162049F40F003D103C /* Sources */ = {
			isa = PBXSourcesBuildPhase;
			buildActionMask = 2147483647;
			files = (
				C765591D2049F410003D103C /* main.swift in Sources */,
			);
			runOnlyForDeploymentPostprocessing = 0;
		};
		C7E946F7208F20A000101985 /* Sources */ = {
			isa = PBXSourcesBuildPhase;
			buildActionMask = 2147483647;
			files = (
				C7E946FE208F20A000101985 /* main.swift in Sources */,
			);
			runOnlyForDeploymentPostprocessing = 0;
		};
		C7E94702208F35F200101985 /* Sources */ = {
			isa = PBXSourcesBuildPhase;
			buildActionMask = 2147483647;
			files = (
				C7E94709208F35F300101985 /* main.swift in Sources */,
			);
			runOnlyForDeploymentPostprocessing = 0;
		};
		C7E94718208F430700101985 /* Sources */ = {
			isa = PBXSourcesBuildPhase;
			buildActionMask = 2147483647;
			files = (
				C7E9471F208F430700101985 /* main.swift in Sources */,
			);
			runOnlyForDeploymentPostprocessing = 0;
		};
		C7E94723208F47E800101985 /* Sources */ = {
			isa = PBXSourcesBuildPhase;
			buildActionMask = 2147483647;
			files = (
				C7E9472A208F47E800101985 /* main.swift in Sources */,
			);
			runOnlyForDeploymentPostprocessing = 0;
		};
		C7E9472E208F4A4700101985 /* Sources */ = {
			isa = PBXSourcesBuildPhase;
			buildActionMask = 2147483647;
			files = (
				C7E94735208F4A4700101985 /* main.swift in Sources */,
			);
			runOnlyForDeploymentPostprocessing = 0;
		};
/* End PBXSourcesBuildPhase section */

/* Begin XCBuildConfiguration section */
		C76558FB2049EA7F003D103C /* Debug */ = {
			isa = XCBuildConfiguration;
			buildSettings = {
				ALWAYS_SEARCH_USER_PATHS = NO;
				CLANG_ANALYZER_NONNULL = YES;
				CLANG_ANALYZER_NUMBER_OBJECT_CONVERSION = YES_AGGRESSIVE;
				CLANG_CXX_LANGUAGE_STANDARD = "gnu++14";
				CLANG_CXX_LIBRARY = "libc++";
				CLANG_ENABLE_MODULES = YES;
				CLANG_ENABLE_OBJC_ARC = YES;
				CLANG_WARN_BLOCK_CAPTURE_AUTORELEASING = YES;
				CLANG_WARN_BOOL_CONVERSION = YES;
				CLANG_WARN_COMMA = YES;
				CLANG_WARN_CONSTANT_CONVERSION = YES;
				CLANG_WARN_DIRECT_OBJC_ISA_USAGE = YES_ERROR;
				CLANG_WARN_DOCUMENTATION_COMMENTS = YES;
				CLANG_WARN_EMPTY_BODY = YES;
				CLANG_WARN_ENUM_CONVERSION = YES;
				CLANG_WARN_INFINITE_RECURSION = YES;
				CLANG_WARN_INT_CONVERSION = YES;
				CLANG_WARN_NON_LITERAL_NULL_CONVERSION = YES;
				CLANG_WARN_OBJC_LITERAL_CONVERSION = YES;
				CLANG_WARN_OBJC_ROOT_CLASS = YES_ERROR;
				CLANG_WARN_RANGE_LOOP_ANALYSIS = YES;
				CLANG_WARN_STRICT_PROTOTYPES = YES;
				CLANG_WARN_SUSPICIOUS_MOVE = YES;
				CLANG_WARN_UNGUARDED_AVAILABILITY = YES_AGGRESSIVE;
				CLANG_WARN_UNREACHABLE_CODE = YES;
				CLANG_WARN__DUPLICATE_METHOD_MATCH = YES;
				CODE_SIGN_IDENTITY = "Mac Developer";
				COPY_PHASE_STRIP = NO;
				DEBUG_INFORMATION_FORMAT = dwarf;
				ENABLE_STRICT_OBJC_MSGSEND = YES;
				ENABLE_TESTABILITY = YES;
				GCC_C_LANGUAGE_STANDARD = gnu11;
				GCC_DYNAMIC_NO_PIC = NO;
				GCC_NO_COMMON_BLOCKS = YES;
				GCC_OPTIMIZATION_LEVEL = 0;
				GCC_PREPROCESSOR_DEFINITIONS = (
					"DEBUG=1",
					"$(inherited)",
				);
				GCC_WARN_64_TO_32_BIT_CONVERSION = YES;
				GCC_WARN_ABOUT_RETURN_TYPE = YES_ERROR;
				GCC_WARN_UNDECLARED_SELECTOR = YES;
				GCC_WARN_UNINITIALIZED_AUTOS = YES_AGGRESSIVE;
				GCC_WARN_UNUSED_FUNCTION = YES;
				GCC_WARN_UNUSED_VARIABLE = YES;
				MACOSX_DEPLOYMENT_TARGET = 10.13;
				MTL_ENABLE_DEBUG_INFO = YES;
				ONLY_ACTIVE_ARCH = YES;
				SDKROOT = macosx;
				SWIFT_ACTIVE_COMPILATION_CONDITIONS = DEBUG;
				SWIFT_OPTIMIZATION_LEVEL = "-Onone";
			};
			name = Debug;
		};
		C76558FC2049EA7F003D103C /* Release */ = {
			isa = XCBuildConfiguration;
			buildSettings = {
				ALWAYS_SEARCH_USER_PATHS = NO;
				CLANG_ANALYZER_NONNULL = YES;
				CLANG_ANALYZER_NUMBER_OBJECT_CONVERSION = YES_AGGRESSIVE;
				CLANG_CXX_LANGUAGE_STANDARD = "gnu++14";
				CLANG_CXX_LIBRARY = "libc++";
				CLANG_ENABLE_MODULES = YES;
				CLANG_ENABLE_OBJC_ARC = YES;
				CLANG_WARN_BLOCK_CAPTURE_AUTORELEASING = YES;
				CLANG_WARN_BOOL_CONVERSION = YES;
				CLANG_WARN_COMMA = YES;
				CLANG_WARN_CONSTANT_CONVERSION = YES;
				CLANG_WARN_DIRECT_OBJC_ISA_USAGE = YES_ERROR;
				CLANG_WARN_DOCUMENTATION_COMMENTS = YES;
				CLANG_WARN_EMPTY_BODY = YES;
				CLANG_WARN_ENUM_CONVERSION = YES;
				CLANG_WARN_INFINITE_RECURSION = YES;
				CLANG_WARN_INT_CONVERSION = YES;
				CLANG_WARN_NON_LITERAL_NULL_CONVERSION = YES;
				CLANG_WARN_OBJC_LITERAL_CONVERSION = YES;
				CLANG_WARN_OBJC_ROOT_CLASS = YES_ERROR;
				CLANG_WARN_RANGE_LOOP_ANALYSIS = YES;
				CLANG_WARN_STRICT_PROTOTYPES = YES;
				CLANG_WARN_SUSPICIOUS_MOVE = YES;
				CLANG_WARN_UNGUARDED_AVAILABILITY = YES_AGGRESSIVE;
				CLANG_WARN_UNREACHABLE_CODE = YES;
				CLANG_WARN__DUPLICATE_METHOD_MATCH = YES;
				CODE_SIGN_IDENTITY = "Mac Developer";
				COPY_PHASE_STRIP = NO;
				DEBUG_INFORMATION_FORMAT = "dwarf-with-dsym";
				ENABLE_NS_ASSERTIONS = NO;
				ENABLE_STRICT_OBJC_MSGSEND = YES;
				GCC_C_LANGUAGE_STANDARD = gnu11;
				GCC_NO_COMMON_BLOCKS = YES;
				GCC_WARN_64_TO_32_BIT_CONVERSION = YES;
				GCC_WARN_ABOUT_RETURN_TYPE = YES_ERROR;
				GCC_WARN_UNDECLARED_SELECTOR = YES;
				GCC_WARN_UNINITIALIZED_AUTOS = YES_AGGRESSIVE;
				GCC_WARN_UNUSED_FUNCTION = YES;
				GCC_WARN_UNUSED_VARIABLE = YES;
				MACOSX_DEPLOYMENT_TARGET = 10.13;
				MTL_ENABLE_DEBUG_INFO = NO;
				SDKROOT = macosx;
				SWIFT_OPTIMIZATION_LEVEL = "-Owholemodule";
			};
			name = Release;
		};
		C76558FE2049EA7F003D103C /* Debug */ = {
			isa = XCBuildConfiguration;
			buildSettings = {
				CODE_SIGN_STYLE = Automatic;
				DEVELOPMENT_TEAM = A4C37KA7MA;
				PRODUCT_NAME = "$(TARGET_NAME)";
				SWIFT_VERSION = 4.0;
			};
			name = Debug;
		};
		C76558FF2049EA7F003D103C /* Release */ = {
			isa = XCBuildConfiguration;
			buildSettings = {
				CODE_SIGN_STYLE = Automatic;
				DEVELOPMENT_TEAM = A4C37KA7MA;
				PRODUCT_NAME = "$(TARGET_NAME)";
				SWIFT_VERSION = 4.0;
			};
			name = Release;
		};
		C76559092049EA9D003D103C /* Debug */ = {
			isa = XCBuildConfiguration;
			buildSettings = {
				CODE_SIGN_STYLE = Automatic;
				DEVELOPMENT_TEAM = A4C37KA7MA;
				PRODUCT_NAME = "$(TARGET_NAME)";
				SWIFT_VERSION = 4.0;
			};
			name = Debug;
		};
		C765590A2049EA9D003D103C /* Release */ = {
			isa = XCBuildConfiguration;
			buildSettings = {
				CODE_SIGN_STYLE = Automatic;
				DEVELOPMENT_TEAM = A4C37KA7MA;
				PRODUCT_NAME = "$(TARGET_NAME)";
				SWIFT_VERSION = 4.0;
			};
			name = Release;
		};
		C76559142049EB89003D103C /* Debug */ = {
			isa = XCBuildConfiguration;
			buildSettings = {
				CODE_SIGN_STYLE = Automatic;
				DEVELOPMENT_TEAM = A4C37KA7MA;
				PRODUCT_NAME = "$(TARGET_NAME)";
				SWIFT_VERSION = 4.0;
			};
			name = Debug;
		};
		C76559152049EB89003D103C /* Release */ = {
			isa = XCBuildConfiguration;
			buildSettings = {
				CODE_SIGN_STYLE = Automatic;
				DEVELOPMENT_TEAM = A4C37KA7MA;
				PRODUCT_NAME = "$(TARGET_NAME)";
				SWIFT_VERSION = 4.0;
			};
			name = Release;
		};
		C765591F2049F410003D103C /* Debug */ = {
			isa = XCBuildConfiguration;
			buildSettings = {
				CODE_SIGN_STYLE = Automatic;
				DEVELOPMENT_TEAM = A4C37KA7MA;
				PRODUCT_NAME = "$(TARGET_NAME)";
				SWIFT_VERSION = 4.0;
			};
			name = Debug;
		};
		C76559202049F410003D103C /* Release */ = {
			isa = XCBuildConfiguration;
			buildSettings = {
				CODE_SIGN_STYLE = Automatic;
				DEVELOPMENT_TEAM = A4C37KA7MA;
				PRODUCT_NAME = "$(TARGET_NAME)";
				SWIFT_VERSION = 4.0;
			};
			name = Release;
		};
		C7E94700208F20A000101985 /* Debug */ = {
			isa = XCBuildConfiguration;
			buildSettings = {
				CLANG_ENABLE_OBJC_WEAK = YES;
				CLANG_WARN_DEPRECATED_OBJC_IMPLEMENTATIONS = YES;
				CLANG_WARN_OBJC_IMPLICIT_RETAIN_SELF = YES;
				CODE_SIGN_STYLE = Automatic;
				DEVELOPMENT_TEAM = A4C37KA7MA;
				PRODUCT_NAME = "$(TARGET_NAME)";
				SWIFT_VERSION = 4.0;
			};
			name = Debug;
		};
		C7E94701208F20A000101985 /* Release */ = {
			isa = XCBuildConfiguration;
			buildSettings = {
				CLANG_ENABLE_OBJC_WEAK = YES;
				CLANG_WARN_DEPRECATED_OBJC_IMPLEMENTATIONS = YES;
				CLANG_WARN_OBJC_IMPLICIT_RETAIN_SELF = YES;
				CODE_SIGN_STYLE = Automatic;
				DEVELOPMENT_TEAM = A4C37KA7MA;
				PRODUCT_NAME = "$(TARGET_NAME)";
				SWIFT_VERSION = 4.0;
			};
			name = Release;
		};
		C7E9470B208F35F300101985 /* Debug */ = {
			isa = XCBuildConfiguration;
			buildSettings = {
				CLANG_ENABLE_OBJC_WEAK = YES;
				CLANG_WARN_DEPRECATED_OBJC_IMPLEMENTATIONS = YES;
				CLANG_WARN_OBJC_IMPLICIT_RETAIN_SELF = YES;
				CODE_SIGN_STYLE = Automatic;
				DEVELOPMENT_TEAM = A4C37KA7MA;
				PRODUCT_NAME = "$(TARGET_NAME)";
				SWIFT_VERSION = 4.0;
			};
			name = Debug;
		};
		C7E9470C208F35F300101985 /* Release */ = {
			isa = XCBuildConfiguration;
			buildSettings = {
				CLANG_ENABLE_OBJC_WEAK = YES;
				CLANG_WARN_DEPRECATED_OBJC_IMPLEMENTATIONS = YES;
				CLANG_WARN_OBJC_IMPLICIT_RETAIN_SELF = YES;
				CODE_SIGN_STYLE = Automatic;
				DEVELOPMENT_TEAM = A4C37KA7MA;
				PRODUCT_NAME = "$(TARGET_NAME)";
				SWIFT_VERSION = 4.0;
			};
			name = Release;
		};
		C7E94720208F430700101985 /* Debug */ = {
			isa = XCBuildConfiguration;
			buildSettings = {
				CLANG_ENABLE_OBJC_WEAK = YES;
				CLANG_WARN_DEPRECATED_OBJC_IMPLEMENTATIONS = YES;
				CLANG_WARN_OBJC_IMPLICIT_RETAIN_SELF = YES;
				CODE_SIGN_STYLE = Automatic;
				DEVELOPMENT_TEAM = A4C37KA7MA;
				PRODUCT_NAME = "$(TARGET_NAME)";
				SWIFT_VERSION = 4.0;
			};
			name = Debug;
		};
		C7E94721208F430700101985 /* Release */ = {
			isa = XCBuildConfiguration;
			buildSettings = {
				CLANG_ENABLE_OBJC_WEAK = YES;
				CLANG_WARN_DEPRECATED_OBJC_IMPLEMENTATIONS = YES;
				CLANG_WARN_OBJC_IMPLICIT_RETAIN_SELF = YES;
				CODE_SIGN_STYLE = Automatic;
				DEVELOPMENT_TEAM = A4C37KA7MA;
				PRODUCT_NAME = "$(TARGET_NAME)";
				SWIFT_VERSION = 4.0;
			};
			name = Release;
		};
		C7E9472C208F47E800101985 /* Debug */ = {
			isa = XCBuildConfiguration;
			buildSettings = {
				CLANG_ENABLE_OBJC_WEAK = YES;
				CLANG_WARN_DEPRECATED_OBJC_IMPLEMENTATIONS = YES;
				CLANG_WARN_OBJC_IMPLICIT_RETAIN_SELF = YES;
				CODE_SIGN_STYLE = Automatic;
				DEVELOPMENT_TEAM = A4C37KA7MA;
				PRODUCT_NAME = "$(TARGET_NAME)";
				SWIFT_VERSION = 4.0;
			};
			name = Debug;
		};
		C7E9472D208F47E800101985 /* Release */ = {
			isa = XCBuildConfiguration;
			buildSettings = {
				CLANG_ENABLE_OBJC_WEAK = YES;
				CLANG_WARN_DEPRECATED_OBJC_IMPLEMENTATIONS = YES;
				CLANG_WARN_OBJC_IMPLICIT_RETAIN_SELF = YES;
				CODE_SIGN_STYLE = Automatic;
				DEVELOPMENT_TEAM = A4C37KA7MA;
				PRODUCT_NAME = "$(TARGET_NAME)";
				SWIFT_VERSION = 4.0;
			};
			name = Release;
		};
		C7E94737208F4A4700101985 /* Debug */ = {
			isa = XCBuildConfiguration;
			buildSettings = {
				CLANG_ENABLE_OBJC_WEAK = YES;
				CLANG_WARN_DEPRECATED_OBJC_IMPLEMENTATIONS = YES;
				CLANG_WARN_OBJC_IMPLICIT_RETAIN_SELF = YES;
				CODE_SIGN_STYLE = Automatic;
				DEVELOPMENT_TEAM = A4C37KA7MA;
				PRODUCT_NAME = "$(TARGET_NAME)";
				SWIFT_VERSION = 4.0;
			};
			name = Debug;
		};
		C7E94738208F4A4700101985 /* Release */ = {
			isa = XCBuildConfiguration;
			buildSettings = {
				CLANG_ENABLE_OBJC_WEAK = YES;
				CLANG_WARN_DEPRECATED_OBJC_IMPLEMENTATIONS = YES;
				CLANG_WARN_OBJC_IMPLICIT_RETAIN_SELF = YES;
				CODE_SIGN_STYLE = Automatic;
				DEVELOPMENT_TEAM = A4C37KA7MA;
				PRODUCT_NAME = "$(TARGET_NAME)";
				SWIFT_VERSION = 4.0;
			};
			name = Release;
		};
/* End XCBuildConfiguration section */

/* Begin XCConfigurationList section */
		C76558F12049EA7F003D103C /* Build configuration list for PBXProject "SwiftBaseLearning" */ = {
			isa = XCConfigurationList;
			buildConfigurations = (
				C76558FB2049EA7F003D103C /* Debug */,
				C76558FC2049EA7F003D103C /* Release */,
			);
			defaultConfigurationIsVisible = 0;
			defaultConfigurationName = Release;
		};
		C76558FD2049EA7F003D103C /* Build configuration list for PBXNativeTarget "SwiftBaseLearning" */ = {
			isa = XCConfigurationList;
			buildConfigurations = (
				C76558FE2049EA7F003D103C /* Debug */,
				C76558FF2049EA7F003D103C /* Release */,
			);
			defaultConfigurationIsVisible = 0;
			defaultConfigurationName = Release;
		};
		C76559082049EA9D003D103C /* Build configuration list for PBXNativeTarget "L1-Var&constant" */ = {
			isa = XCConfigurationList;
			buildConfigurations = (
				C76559092049EA9D003D103C /* Debug */,
				C765590A2049EA9D003D103C /* Release */,
			);
			defaultConfigurationIsVisible = 0;
			defaultConfigurationName = Release;
		};
		C76559132049EB89003D103C /* Build configuration list for PBXNativeTarget "L2-DataType" */ = {
			isa = XCConfigurationList;
			buildConfigurations = (
				C76559142049EB89003D103C /* Debug */,
				C76559152049EB89003D103C /* Release */,
			);
			defaultConfigurationIsVisible = 0;
			defaultConfigurationName = Release;
		};
		C765591E2049F410003D103C /* Build configuration list for PBXNativeTarget "L3-Operators" */ = {
			isa = XCConfigurationList;
			buildConfigurations = (
				C765591F2049F410003D103C /* Debug */,
				C76559202049F410003D103C /* Release */,
			);
			defaultConfigurationIsVisible = 0;
			defaultConfigurationName = Release;
		};
		C7E946FF208F20A000101985 /* Build configuration list for PBXNativeTarget "L4-StringOperation" */ = {
			isa = XCConfigurationList;
			buildConfigurations = (
				C7E94700208F20A000101985 /* Debug */,
				C7E94701208F20A000101985 /* Release */,
			);
			defaultConfigurationIsVisible = 0;
			defaultConfigurationName = Release;
		};
		C7E9470A208F35F300101985 /* Build configuration list for PBXNativeTarget "L5-LogicBranch" */ = {
			isa = XCConfigurationList;
			buildConfigurations = (
				C7E9470B208F35F300101985 /* Debug */,
				C7E9470C208F35F300101985 /* Release */,
			);
			defaultConfigurationIsVisible = 0;
			defaultConfigurationName = Release;
		};
		C7E94722208F430700101985 /* Build configuration list for PBXNativeTarget "L6-Array" */ = {
			isa = XCConfigurationList;
			buildConfigurations = (
				C7E94720208F430700101985 /* Debug */,
				C7E94721208F430700101985 /* Release */,
			);
			defaultConfigurationIsVisible = 0;
			defaultConfigurationName = Release;
		};
		C7E9472B208F47E800101985 /* Build configuration list for PBXNativeTarget "L7-Dictionary" */ = {
			isa = XCConfigurationList;
			buildConfigurations = (
				C7E9472C208F47E800101985 /* Debug */,
				C7E9472D208F47E800101985 /* Release */,
			);
			defaultConfigurationIsVisible = 0;
			defaultConfigurationName = Release;
		};
		C7E94736208F4A4700101985 /* Build configuration list for PBXNativeTarget "L8-Tuple" */ = {
			isa = XCConfigurationList;
			buildConfigurations = (
				C7E94737208F4A4700101985 /* Debug */,
				C7E94738208F4A4700101985 /* Release */,
			);
			defaultConfigurationIsVisible = 0;
			defaultConfigurationName = Release;
		};
/* End XCConfigurationList section */
	};
	rootObject = C76558EE2049EA7F003D103C /* Project object */;
}
